
Microsoft Visual Studio Solution File, Format Version 12.00
# Visual Studio Version 16
VisualStudioVersion = 16.0.31702.278
MinimumVisualStudioVersion = 10.0.40219.1
Project("{9A19103F-16F7-4668-BE54-9A1E7A4F7556}") = "Books", "5,3,2022\Books.csproj", "{CCDE2928-07C0-4AE8-9FAC-92FBE33ECD67}"
EndProject
Project("{9A19103F-16F7-4668-BE54-9A1E7A4F7556}") = "test1", "test1\test1.csproj", "{6599E060-B2D7-4A9D-9BA3-40ACAAE2A0C2}"
EndProject
Global
	GlobalSection(SolutionConfigurationPlatforms) = preSolution
		Debug|Any CPU = Debug|Any CPU
		Release|Any CPU = Release|Any CPU
	EndGlobalSection
	GlobalSection(ProjectConfigurationPlatforms) = postSolution
		{CCDE2928-07C0-4AE8-9FAC-92FBE33ECD67}.Debug|Any CPU.ActiveCfg = Debug|Any CPU
		{CCDE2928-07C0-4AE8-9FAC-92FBE33ECD67}.Debug|Any CPU.Build.0 = Debug|Any CPU
		{CCDE2928-07C0-4AE8-9FAC-92FBE33ECD67}.Release|Any CPU.ActiveCfg = Release|Any CPU
		{CCDE2928-07C0-4AE8-9FAC-92FBE33ECD67}.Release|Any CPU.Build.0 = Release|Any CPU
		{6599E060-B2D7-4A9D-9BA3-40ACAAE2A0C2}.Debug|Any CPU.ActiveCfg = Debug|Any CPU
		{6599E060-B2D7-4A9D-9BA3-40ACAAE2A0C2}.Debug|Any CPU.Build.0 = Debug|Any CPU
		{6599E060-B2D7-4A9D-9BA3-40ACAAE2A0C2}.Release|Any CPU.ActiveCfg = Release|Any CPU
		{6599E060-B2D7-4A9D-9BA3-40ACAAE2A0C2}.Release|Any CPU.Build.0 = Release|Any CPU
	EndGlobalSection
	GlobalSection(SolutionProperties) = preSolution
		HideSolutionNode = FALSE
	EndGlobalSection
	GlobalSection(ExtensibilityGlobals) = postSolution
		SolutionGuid = {945A4001-F330-4190-9D57-2CE0D2601204}
	EndGlobalSection
EndGlobal
